
Microsoft Visual Studio Solution File, Format Version 12.00
# Visual Studio Version 16
VisualStudioVersion = 16.0.30523.141
MinimumVisualStudioVersion = 10.0.40219.1
Project("{FAE04EC0-301F-11D3-BF4B-00C04F79EFBC}") = "StartResidents", "StartResidents\StartResidents.csproj", "{0184FB92-DF25-49EB-95FF-845A8BD3915C}"
EndProject
Global
	GlobalSection(SolutionConfigurationPlatforms) = preSolution
		Debug|Any CPU = Debug|Any CPU
		Release|Any CPU = Release|Any CPU
	EndGlobalSection
	GlobalSection(ProjectConfigurationPlatforms) = postSolution
		{0184FB92-DF25-49EB-95FF-845A8BD3915C}.Debug|Any CPU.ActiveCfg = Debug|Any CPU
		{0184FB92-DF25-49EB-95FF-845A8BD3915C}.Debug|Any CPU.Build.0 = Debug|Any CPU
		{0184FB92-DF25-49EB-95FF-845A8BD3915C}.Release|Any CPU.ActiveCfg = Release|Any CPU
		{0184FB92-DF25-49EB-95FF-845A8BD3915C}.Release|Any CPU.Build.0 = Release|Any CPU
	EndGlobalSection
	GlobalSection(SolutionProperties) = preSolution
		HideSolutionNode = FALSE
	EndGlobalSection
	GlobalSection(ExtensibilityGlobals) = postSolution
		SolutionGuid = {2B8FF9B8-9F9B-47EC-9A99-34D8BC2648A2}
	EndGlobalSection
EndGlobal
